Microsoft Visual Studio Solution File, Format Version 12.00
# Visual Studio 2012
Project("{FAE04EC0-301F-11D3-BF4B-00C04F79EFBC}") = "LittleJumpyPerson", "LittleJumpyPerson.csproj", "{4ECA1C68-48A4-49CA-BFD9-CBFAE8EBE1FB}"
EndProject
Global
	GlobalSection(SolutionConfigurationPlatforms) = preSolution
	Debug|Any CPU = Debug|Any CPU
	ExportDebug|Any CPU = ExportDebug|Any CPU
	ExportRelease|Any CPU = ExportRelease|Any CPU
	EndGlobalSection
	GlobalSection(ProjectConfigurationPlatforms) = postSolution
		{4ECA1C68-48A4-49CA-BFD9-CBFAE8EBE1FB}.Debug|Any CPU.ActiveCfg = Debug|Any CPU
		{4ECA1C68-48A4-49CA-BFD9-CBFAE8EBE1FB}.Debug|Any CPU.Build.0 = Debug|Any CPU
		{4ECA1C68-48A4-49CA-BFD9-CBFAE8EBE1FB}.ExportDebug|Any CPU.ActiveCfg = ExportDebug|Any CPU
		{4ECA1C68-48A4-49CA-BFD9-CBFAE8EBE1FB}.ExportDebug|Any CPU.Build.0 = ExportDebug|Any CPU
		{4ECA1C68-48A4-49CA-BFD9-CBFAE8EBE1FB}.ExportRelease|Any CPU.ActiveCfg = ExportRelease|Any CPU
		{4ECA1C68-48A4-49CA-BFD9-CBFAE8EBE1FB}.ExportRelease|Any CPU.Build.0 = ExportRelease|Any CPU
	EndGlobalSection
EndGlobal
